
Microsoft Visual Studio Solution File, Format Version 12.00
# Visual Studio Version 16
VisualStudioVersion = 16.0.31402.337
MinimumVisualStudioVersion = 10.0.40219.1
Project("{FAE04EC0-301F-11D3-BF4B-00C04F79EFBC}") = "EKS.FullClient", "EKS.FullClient\EKS.FullClient.csproj", "{EEA4575F-104C-4453-A5DA-E0EC5B4BEB96}"
EndProject
Global
	GlobalSection(SolutionConfigurationPlatforms) = preSolution
		Debug|Any CPU = Debug|Any CPU
		Release|Any CPU = Release|Any CPU
	EndGlobalSection
	GlobalSection(ProjectConfigurationPlatforms) = postSolution
		{EEA4575F-104C-4453-A5DA-E0EC5B4BEB96}.Debug|Any CPU.ActiveCfg = Debug|Any CPU
		{EEA4575F-104C-4453-A5DA-E0EC5B4BEB96}.Debug|Any CPU.Build.0 = Debug|Any CPU
		{EEA4575F-104C-4453-A5DA-E0EC5B4BEB96}.Release|Any CPU.ActiveCfg = Release|Any CPU
		{EEA4575F-104C-4453-A5DA-E0EC5B4BEB96}.Release|Any CPU.Build.0 = Release|Any CPU
	EndGlobalSection
	GlobalSection(SolutionProperties) = preSolution
		HideSolutionNode = FALSE
	EndGlobalSection
	GlobalSection(ExtensibilityGlobals) = postSolution
		SolutionGuid = {23A85975-85BF-476C-86E5-E0ACDB23A510}
	EndGlobalSection
EndGlobal
